
Microsoft Visual Studio Solution File, Format Version 12.00
Project("{FAE04EC0-301F-11D3-BF4B-00C04F79EFBC}") = "MyLab.Api", "MyLab.Api\MyLab.Api.csproj", "{DAACEDC1-A20B-4C46-89AB-3E584CBCFEAC}"
EndProject
Project("{2150E333-8FDC-42A3-9474-1A3956D46DE8}") = "Diff", "Diff", "{A447450C-EF16-44A0-B446-99379AD868BC}"
	ProjectSection(SolutionItems) = preProject
		README.md = README.md
	EndProjectSection
EndProject
Project("{FAE04EC0-301F-11D3-BF4B-00C04F79EFBC}") = "MyLab.Client.Web", "MyLab.Client.Web\MyLab.Client.Web.csproj", "{420F4AE4-3200-4DAD-B3DF-B510CB2F7BB2}"
EndProject
Project("{FAE04EC0-301F-11D3-BF4B-00C04F79EFBC}") = "MyLab.Common", "MyLab.Common\MyLab.Common.csproj", "{7C2A38BA-D90D-4FCE-8984-5B2D5898D3DC}"
EndProject
Global
	GlobalSection(SolutionConfigurationPlatforms) = preSolution
		Debug|Any CPU = Debug|Any CPU
		Release|Any CPU = Release|Any CPU
	EndGlobalSection
	GlobalSection(ProjectConfigurationPlatforms) = postSolution
		{DAACEDC1-A20B-4C46-89AB-3E584CBCFEAC}.Debug|Any CPU.ActiveCfg = Debug|Any CPU
		{DAACEDC1-A20B-4C46-89AB-3E584CBCFEAC}.Debug|Any CPU.Build.0 = Debug|Any CPU
		{DAACEDC1-A20B-4C46-89AB-3E584CBCFEAC}.Release|Any CPU.ActiveCfg = Release|Any CPU
		{DAACEDC1-A20B-4C46-89AB-3E584CBCFEAC}.Release|Any CPU.Build.0 = Release|Any CPU
		{420F4AE4-3200-4DAD-B3DF-B510CB2F7BB2}.Debug|Any CPU.ActiveCfg = Debug|Any CPU
		{420F4AE4-3200-4DAD-B3DF-B510CB2F7BB2}.Debug|Any CPU.Build.0 = Debug|Any CPU
		{420F4AE4-3200-4DAD-B3DF-B510CB2F7BB2}.Release|Any CPU.ActiveCfg = Release|Any CPU
		{420F4AE4-3200-4DAD-B3DF-B510CB2F7BB2}.Release|Any CPU.Build.0 = Release|Any CPU
		{7C2A38BA-D90D-4FCE-8984-5B2D5898D3DC}.Debug|Any CPU.ActiveCfg = Debug|Any CPU
		{7C2A38BA-D90D-4FCE-8984-5B2D5898D3DC}.Debug|Any CPU.Build.0 = Debug|Any CPU
		{7C2A38BA-D90D-4FCE-8984-5B2D5898D3DC}.Release|Any CPU.ActiveCfg = Release|Any CPU
		{7C2A38BA-D90D-4FCE-8984-5B2D5898D3DC}.Release|Any CPU.Build.0 = Release|Any CPU
	EndGlobalSection
EndGlobal
